// !$*UTF8*$!
{
	archiveVersion = 1;
	classes = {
	};
	objectVersion = 46;
	objects = {

/* Begin PBXBuildFile section */
		01094D801AE90D1100A0AAC9 /* AppDelegate.swift in Sources */ = {isa = PBXBuildFile; fileRef = 01094D7F1AE90D1100A0AAC9 /* AppDelegate.swift */; };
		01094D821AE90D1100A0AAC9 /* ViewController.swift in Sources */ = {isa = PBXBuildFile; fileRef = 01094D811AE90D1100A0AAC9 /* ViewController.swift */; };
		01094D851AE90D1100A0AAC9 /* Main.storyboard in Resources */ = {isa = PBXBuildFile; fileRef = 01094D831AE90D1100A0AAC9 /* Main.storyboard */; };
		01094D871AE90D1100A0AAC9 /* Images.xcassets in Resources */ = {isa = PBXBuildFile; fileRef = 01094D861AE90D1100A0AAC9 /* Images.xcassets */; };
		01094D8A1AE90D1100A0AAC9 /* LaunchScreen.xib in Resources */ = {isa = PBXBuildFile; fileRef = 01094D881AE90D1100A0AAC9 /* LaunchScreen.xib */; };
		01094D961AE90D1100A0AAC9 /* AssignmentTests.swift in Sources */ = {isa = PBXBuildFile; fileRef = 01094D951AE90D1100A0AAC9 /* AssignmentTests.swift */; };
/* End PBXBuildFile section */

/* Begin PBXContainerItemProxy section */
		01094D901AE90D1100A0AAC9 /* PBXContainerItemProxy */ = {
			isa = PBXContainerItemProxy;
			containerPortal = 01094D721AE90D1100A0AAC9 /* Project object */;
			proxyType = 1;
			remoteGlobalIDString = 01094D791AE90D1100A0AAC9;
			remoteInfo = Assignment;
		};
/* End PBXContainerItemProxy section */

/* Begin PBXFileReference section */
		01094D7A1AE90D1100A0AAC9 /* Assignment.app */ = {isa = PBXFileReference; explicitFileType = wrapper.application; includeInIndex = 0; path = Assignment.app; sourceTree = BUILT_PRODUCTS_DIR; };
		01094D7E1AE90D1100A0AAC9 /* Info.plist */ = {isa = PBXFileReference; lastKnownFileType = text.plist.xml; path = Info.plist; sourceTree = "<group>"; };
		01094D7F1AE90D1100A0AAC9 /* AppDelegate.swift */ = {isa = PBXFileReference; lastKnownFileType = sourcecode.swift; path = AppDelegate.swift; sourceTree = "<group>"; };
		01094D811AE90D1100A0AAC9 /* ViewController.swift */ = {isa = PBXFileReference; lastKnownFileType = sourcecode.swift; path = ViewController.swift; sourceTree = "<group>"; };
		01094D841AE90D1100A0AAC9 /* Base */ = {isa = PBXFileReference; lastKnownFileType = file.storyboard; name = Base; path = Base.lproj/Main.storyboard; sourceTree = "<group>"; };
		01094D861AE90D1100A0AAC9 /* Images.xcassets */ = {isa = PBXFileReference; lastKnownFileType = folder.assetcatalog; path = Images.xcassets; sourceTree = "<group>"; };
		01094D891AE90D1100A0AAC9 /* Base */ = {isa = PBXFileReference; lastKnownFileType = file.xib; name = Base; path = Base.lproj/LaunchScreen.xib; sourceTree = "<group>"; };
		01094D8F1AE90D1100A0AAC9 /* AssignmentTests.xctest */ = {isa = PBXFileReference; explicitFileType = wrapper.cfbundle; includeInIndex = 0; path = AssignmentTests.xctest; sourceTree = BUILT_PRODUCTS_DIR; };
		01094D941AE90D1100A0AAC9 /* Info.plist */ = {isa = PBXFileReference; lastKnownFileType = text.plist.xml; path = Info.plist; sourceTree = "<group>"; };
		01094D951AE90D1100A0AAC9 /* AssignmentTests.swift */ = {isa = PBXFileReference; lastKnownFileType = sourcecode.swift; path = AssignmentTests.swift; sourceTree = "<group>"; };
/* End PBXFileReference section */

/* Begin PBXFrameworksBuildPhase section */
		01094D771AE90D1100A0AAC9 /* Frameworks */ = {
			isa = PBXFrameworksBuildPhase;
			buildActionMask = 2147483647;
			files = (
			);
			runOnlyForDeploymentPostprocessing = 0;
		};
		01094D8C1AE90D1100A0AAC9 /* Frameworks */ = {
			isa = PBXFrameworksBuildPhase;
			buildActionMask = 2147483647;
			files = (
			);
			runOnlyForDeploymentPostprocessing = 0;
		};
/* End PBXFrameworksBuildPhase section */

/* Begin PBXGroup section */
		01094D711AE90D1100A0AAC9 = {
			isa = PBXGroup;
			children = (
				01094D7C1AE90D1100A0AAC9 /* Assignment */,
				01094D921AE90D1100A0AAC9 /* AssignmentTests */,
				01094D7B1AE90D1100A0AAC9 /* Products */,
			);
			sourceTree = "<group>";
		};
		01094D7B1AE90D1100A0AAC9 /* Products */ = {
			isa = PBXGroup;
			children = (
				01094D7A1AE90D1100A0AAC9 /* Assignment.app */,
				01094D8F1AE90D1100A0AAC9 /* AssignmentTests.xctest */,
			);
			name = Products;
			sourceTree = "<group>";
		};
		01094D7C1AE90D1100A0AAC9 /* Assignment */ = {
			isa = PBXGroup;
			children = (
				01094D7F1AE90D1100A0AAC9 /* AppDelegate.swift */,
				01094D811AE90D1100A0AAC9 /* ViewController.swift */,
				01094D831AE90D1100A0AAC9 /* Main.storyboard */,
				01094D861AE90D1100A0AAC9 /* Images.xcassets */,
				01094D881AE90D1100A0AAC9 /* LaunchScreen.xib */,
				01094D7D1AE90D1100A0AAC9 /* Supporting Files */,
			);
			path = Assignment;
			sourceTree = "<group>";
		};
		01094D7D1AE90D1100A0AAC9 /* Supporting Files */ = {
			isa = PBXGroup;
			children = (
				01094D7E1AE90D1100A0AAC9 /* Info.plist */,
			);
			name = "Supporting Files";
			sourceTree = "<group>";
		};
		01094D921AE90D1100A0AAC9 /* AssignmentTests */ = {
			isa = PBXGroup;
			children = (
				01094D951AE90D1100A0AAC9 /* AssignmentTests.swift */,
				01094D931AE90D1100A0AAC9 /* Supporting Files */,
			);
			path = AssignmentTests;
			sourceTree = "<group>";
		};
		01094D931AE90D1100A0AAC9 /* Supporting Files */ = {
			isa = PBXGroup;
			children = (
				01094D941AE90D1100A0AAC9 /* Info.plist */,
			);
			name = "Supporting Files";
			sourceTree = "<group>";
		};
/* End PBXGroup section */

/* Begin PBXNativeTarget section */
		01094D791AE90D1100A0AAC9 /* Assignment */ = {
			isa = PBXNativeTarget;
			buildConfigurationList = 01094D991AE90D1100A0AAC9 /* Build configuration list for PBXNativeTarget "Assignment" */;
			buildPhases = (
				01094D761AE90D1100A0AAC9 /* Sources */,
				01094D771AE90D1100A0AAC9 /* Frameworks */,
				01094D781AE90D1100A0AAC9 /* Resources */,
			);
			buildRules = (
			);
			dependencies = (
			);
			name = Assignment;
			productName = Assignment;
			productReference = 01094D7A1AE90D1100A0AAC9 /* Assignment.app */;
			productType = "com.apple.product-type.application";
		};
		01094D8E1AE90D1100A0AAC9 /* AssignmentTests */ = {
			isa = PBXNativeTarget;
			buildConfigurationList = 01094D9C1AE90D1100A0AAC9 /* Build configuration list for PBXNativeTarget "AssignmentTests" */;
			buildPhases = (
				01094D8B1AE90D1100A0AAC9 /* Sources */,
				01094D8C1AE90D1100A0AAC9 /* Frameworks */,
				01094D8D1AE90D1100A0AAC9 /* Resources */,
			);
			buildRules = (
			);
			dependencies = (
				01094D911AE90D1100A0AAC9 /* PBXTargetDependency */,
			);
			name = AssignmentTests;
			productName = AssignmentTests;
			productReference = 01094D8F1AE90D1100A0AAC9 /* AssignmentTests.xctest */;
			productType = "com.apple.product-type.bundle.unit-test";
		};
/* End PBXNativeTarget section */

/* Begin PBXProject section */
		01094D721AE90D1100A0AAC9 /* Project object */ = {
			isa = PBXProject;
			attributes = {
				LastUpgradeCheck = 0630;
				ORGANIZATIONNAME = "Xanthe Dobbie";
				TargetAttributes = {
					01094D791AE90D1100A0AAC9 = {
						CreatedOnToolsVersion = 6.3;
					};
					01094D8E1AE90D1100A0AAC9 = {
						CreatedOnToolsVersion = 6.3;
						TestTargetID = 01094D791AE90D1100A0AAC9;
					};
				};
			};
			buildConfigurationList = 01094D751AE90D1100A0AAC9 /* Build configuration list for PBXProject "Assignment" */;
			compatibilityVersion = "Xcode 3.2";
			developmentRegion = English;
			hasScannedForEncodings = 0;
			knownRegions = (
				en,
				Base,
			);
			mainGroup = 01094D711AE90D1100A0AAC9;
			productRefGroup = 01094D7B1AE90D1100A0AAC9 /* Products */;
			projectDirPath = "";
			projectRoot = "";
			targets = (
				01094D791AE90D1100A0AAC9 /* Assignment */,
				01094D8E1AE90D1100A0AAC9 /* AssignmentTests */,
			);
		};
/* End PBXProject section */

/* Begin PBXResourcesBuildPhase section */
		01094D781AE90D1100A0AAC9 /* Resources */ = {
			isa = PBXResourcesBuildPhase;
			buildActionMask = 2147483647;
			files = (
				01094D851AE90D1100A0AAC9 /* Main.storyboard in Resources */,
				01094D8A1AE90D1100A0AAC9 /* LaunchScreen.xib in Resources */,
				01094D871AE90D1100A0AAC9 /* Images.xcassets in Resources */,
			);
			runOnlyForDeploymentPostprocessing = 0;
		};
		01094D8D1AE90D1100A0AAC9 /* Resources */ = {
			isa = PBXResourcesBuildPhase;
			buildActionMask = 2147483647;
			files = (
			);
			runOnlyForDeploymentPostprocessing = 0;
		};
/* End PBXResourcesBuildPhase section */

/* Begin PBXSourcesBuildPhase section */
		01094D761AE90D1100A0AAC9 /* Sources */ = {
			isa = PBXSourcesBuildPhase;
			buildActionMask = 2147483647;
			files = (
				01094D821AE90D1100A0AAC9 /* ViewController.swift in Sources */,
				01094D801AE90D1100A0AAC9 /* AppDelegate.swift in Sources */,
			);
			runOnlyForDeploymentPostprocessing = 0;
		};
		01094D8B1AE90D1100A0AAC9 /* Sources */ = {
			isa = PBXSourcesBuildPhase;
			buildActionMask = 2147483647;
			files = (
				01094D961AE90D1100A0AAC9 /* AssignmentTests.swift in Sources */,
			);
			runOnlyForDeploymentPostprocessing = 0;
		};
/* End PBXSourcesBuildPhase section */

/* Begin PBXTargetDependency section */
		01094D911AE90D1100A0AAC9 /* PBXTargetDependency */ = {
			isa = PBXTargetDependency;
			target = 01094D791AE90D1100A0AAC9 /* Assignment */;
			targetProxy = 01094D901AE90D1100A0AAC9 /* PBXContainerItemProxy */;
		};
/* End PBXTargetDependency section */

/* Begin PBXVariantGroup section */
		01094D831AE90D1100A0AAC9 /* Main.storyboard */ = {
			isa = PBXVariantGroup;
			children = (
				01094D841AE90D1100A0AAC9 /* Base */,
			);
			name = Main.storyboard;
			sourceTree = "<group>";
		};
		01094D881AE90D1100A0AAC9 /* LaunchScreen.xib */ = {
			isa = PBXVariantGroup;
			children = (
				01094D891AE90D1100A0AAC9 /* Base */,
			);
			name = LaunchScreen.xib;
			sourceTree = "<group>";
		};
/* End PBXVariantGroup section */

/* Begin XCBuildConfiguration section */
		01094D971AE90D1100A0AAC9 /* Debug */ = {
			isa = XCBuildConfiguration;
			buildSettings = {
				ALWAYS_SEARCH_USER_PATHS = NO;
				CLANG_CXX_LANGUAGE_STANDARD = "gnu++0x";
				CLANG_CXX_LIBRARY = "libc++";
				CLANG_ENABLE_MODULES = YES;
				CLANG_ENABLE_OBJC_ARC = YES;
				CLANG_WARN_BOOL_CONVERSION = YES;
				CLANG_WARN_CONSTANT_CONVERSION = YES;
				CLANG_WARN_DIRECT_OBJC_ISA_USAGE = YES_ERROR;
				CLANG_WARN_EMPTY_BODY = YES;
				CLANG_WARN_ENUM_CONVERSION = YES;
				CLANG_WARN_INT_CONVERSION = YES;
				CLANG_WARN_OBJC_ROOT_CLASS = YES_ERROR;
				CLANG_WARN_UNREACHABLE_CODE = YES;
				CLANG_WARN__DUPLICATE_METHOD_MATCH = YES;
				"CODE_SIGN_IDENTITY[sdk=iphoneos*]" = "iPhone Developer";
				COPY_PHASE_STRIP = NO;
				DEBUG_INFORMATION_FORMAT = "dwarf-with-dsym";
				ENABLE_STRICT_OBJC_MSGSEND = YES;
				GCC_C_LANGUAGE_STANDARD = gnu99;
				GCC_DYNAMIC_NO_PIC = NO;
				GCC_NO_COMMON_BLOCKS = YES;
				GCC_OPTIMIZATION_LEVEL = 0;
				GCC_PREPROCESSOR_DEFINITIONS = (
					"DEBUG=1",
					"$(inherited)",
				);
				GCC_SYMBOLS_PRIVATE_EXTERN = NO;
				GCC_WARN_64_TO_32_BIT_CONVERSION = YES;
				GCC_WARN_ABOUT_RETURN_TYPE = YES_ERROR;
				GCC_WARN_UNDECLARED_SELECTOR = YES;
				GCC_WARN_UNINITIALIZED_AUTOS = YES_AGGRESSIVE;
				GCC_WARN_UNUSED_FUNCTION = YES;
				GCC_WARN_UNUSED_VARIABLE = YES;
				IPHONEOS_DEPLOYMENT_TARGET = 8.3;
				MTL_ENABLE_DEBUG_INFO = YES;
				ONLY_ACTIVE_ARCH = YES;
				SDKROOT = iphoneos;
				SWIFT_OPTIMIZATION_LEVEL = "-Onone";
			};
			name = Debug;
		};
		01094D981AE90D1100A0AAC9 /* Release */ = {
			isa = XCBuildConfiguration;
			buildSettings = {
				ALWAYS_SEARCH_USER_PATHS = NO;
				CLANG_CXX_LANGUAGE_STANDARD = "gnu++0x";
				CLANG_CXX_LIBRARY = "libc++";
				CLANG_ENABLE_MODULES = YES;
				CLANG_ENABLE_OBJC_ARC = YES;
				CLANG_WARN_BOOL_CONVERSION = YES;
				CLANG_WARN_CONSTANT_CONVERSION = YES;
				CLANG_WARN_DIRECT_OBJC_ISA_USAGE = YES_ERROR;
				CLANG_WARN_EMPTY_BODY = YES;
				CLANG_WARN_ENUM_CONVERSION = YES;
				CLANG_WARN_INT_CONVERSION = YES;
				CLANG_WARN_OBJC_ROOT_CLASS = YES_ERROR;
				CLANG_WARN_UNREACHABLE_CODE = YES;
				CLANG_WARN__DUPLICATE_METHOD_MATCH = YES;
				"CODE_SIGN_IDENTITY[sdk=iphoneos*]" = "iPhone Developer";
				COPY_PHASE_STRIP = NO;
				DEBUG_INFORMATION_FORMAT = "dwarf-with-dsym";
				ENABLE_NS_ASSERTIONS = NO;
				ENABLE_STRICT_OBJC_MSGSEND = YES;
				GCC_C_LANGUAGE_STANDARD = gnu99;
				GCC_NO_COMMON_BLOCKS = YES;
				GCC_WARN_64_TO_32_BIT_CONVERSION = YES;
				GCC_WARN_ABOUT_RETURN_TYPE = YES_ERROR;
				GCC_WARN_UNDECLARED_SELECTOR = YES;
				GCC_WARN_UNINITIALIZED_AUTOS = YES_AGGRESSIVE;
				GCC_WARN_UNUSED_FUNCTION = YES;
				GCC_WARN_UNUSED_VARIABLE = YES;
				IPHONEOS_DEPLOYMENT_TARGET = 8.3;
				MTL_ENABLE_DEBUG_INFO = NO;
				SDKROOT = iphoneos;
				VALIDATE_PRODUCT = YES;
			};
			name = Release;
		};
		01094D9A1AE90D1100A0AAC9 /* Debug */ = {
			isa = XCBuildConfiguration;
			buildSettings = {
				ASSETCATALOG_COMPILER_APPICON_NAME = AppIcon;
				INFOPLIST_FILE = Assignment/Info.plist;
				LD_RUNPATH_SEARCH_PATHS = "$(inherited) @executable_path/Frameworks";
				PRODUCT_NAME = "$(TARGET_NAME)";
			};
			name = Debug;
		};
		01094D9B1AE90D1100A0AAC9 /* Release */ = {
			isa = XCBuildConfiguration;
			buildSettings = {
				ASSETCATALOG_COMPILER_APPICON_NAME = AppIcon;
				INFOPLIST_FILE = Assignment/Info.plist;
				LD_RUNPATH_SEARCH_PATHS = "$(inherited) @executable_path/Frameworks";
				PRODUCT_NAME = "$(TARGET_NAME)";
			};
			name = Release;
		};
		01094D9D1AE90D1100A0AAC9 /* Debug */ = {
			isa = XCBuildConfiguration;
			buildSettings = {
				BUNDLE_LOADER = "$(TEST_HOST)";
				FRAMEWORK_SEARCH_PATHS = (
					"$(SDKROOT)/Developer/Library/Frameworks",
					"$(inherited)",
				);
				GCC_PREPROCESSOR_DEFINITIONS = (
					"DEBUG=1",
					"$(inherited)",
				);
				INFOPLIST_FILE = AssignmentTests/Info.plist;
				LD_RUNPATH_SEARCH_PATHS = "$(inherited) @executable_path/Frameworks @loader_path/Frameworks";
				PRODUCT_NAME = "$(TARGET_NAME)";
				TEST_HOST = "$(BUILT_PRODUCTS_DIR)/Assignment.app/Assignment";
			};
			name = Debug;
		};
		01094D9E1AE90D1100A0AAC9 /* Release */ = {
			isa = XCBuildConfiguration;
			buildSettings = {
				BUNDLE_LOADER = "$(TEST_HOST)";
				FRAMEWORK_SEARCH_PATHS = (
					"$(SDKROOT)/Developer/Library/Frameworks",
					"$(inherited)",
				);
				INFOPLIST_FILE = AssignmentTests/Info.plist;
				LD_RUNPATH_SEARCH_PATHS = "$(inherited) @executable_path/Frameworks @loader_path/Frameworks";
				PRODUCT_NAME = "$(TARGET_NAME)";
				TEST_HOST = "$(BUILT_PRODUCTS_DIR)/Assignment.app/Assignment";
			};
			name = Release;
		};
/* End XCBuildConfiguration section */

/* Begin XCConfigurationList section */
		01094D751AE90D1100A0AAC9 /* Build configuration list for PBXProject "Assignment" */ = {
			isa = XCConfigurationList;
			buildConfigurations = (
				01094D971AE90D1100A0AAC9 /* Debug */,
				01094D981AE90D1100A0AAC9 /* Release */,
			);
			defaultConfigurationIsVisible = 0;
			defaultConfigurationName = Release;
		};
		01094D991AE90D1100A0AAC9 /* Build configuration list for PBXNativeTarget "Assignment" */ = {
			isa = XCConfigurationList;
			buildConfigurations = (
				01094D9A1AE90D1100A0AAC9 /* Debug */,
				01094D9B1AE90D1100A0AAC9 /* Release */,
			);
			defaultConfigurationIsVisible = 0;
		};
		01094D9C1AE90D1100A0AAC9 /* Build configuration list for PBXNativeTarget "AssignmentTests" */ = {
			isa = XCConfigurationList;
			buildConfigurations = (
				01094D9D1AE90D1100A0AAC9 /* Debug */,
				01094D9E1AE90D1100A0AAC9 /* Release */,
			);
			defaultConfigurationIsVisible = 0;
		};
/* End XCConfigurationList section */
	};
	rootObject = 01094D721AE90D1100A0AAC9 /* Project object */;
}
